
Microsoft Visual Studio Solution File, Format Version 12.00
# Visual Studio Version 17
VisualStudioVersion = 17.14.36603.0 d17.14
MinimumVisualStudioVersion = 10.0.40219.1
Project("{FAE04EC0-301F-11D3-BF4B-00C04F79EFBC}") = "UserManagement.Domain", "UserManagement.Model\UserManagement.Domain.csproj", "{405CB053-AC84-4B42-BAF5-A2133B89BCA2}"
EndProject
Project("{FAE04EC0-301F-11D3-BF4B-00C04F79EFBC}") = "UserManagement.Application", "UserManagement.Application\UserManagement.Application.csproj", "{D5DA4DC7-C34C-4F59-9528-25D20FD2C856}"
EndProject
Project("{FAE04EC0-301F-11D3-BF4B-00C04F79EFBC}") = "UserManagement.Infrastructure", "UserManagement.Infrastructure\UserManagement.Infrastructure.csproj", "{34D60859-3769-401A-A6D9-8E1C00F15438}"
EndProject
Global
	GlobalSection(SolutionConfigurationPlatforms) = preSolution
		Debug|Any CPU = Debug|Any CPU
		Release|Any CPU = Release|Any CPU
	EndGlobalSection
	GlobalSection(ProjectConfigurationPlatforms) = postSolution
		{405CB053-AC84-4B42-BAF5-A2133B89BCA2}.Debug|Any CPU.ActiveCfg = Debug|Any CPU
		{405CB053-AC84-4B42-BAF5-A2133B89BCA2}.Debug|Any CPU.Build.0 = Debug|Any CPU
		{405CB053-AC84-4B42-BAF5-A2133B89BCA2}.Release|Any CPU.ActiveCfg = Release|Any CPU
		{405CB053-AC84-4B42-BAF5-A2133B89BCA2}.Release|Any CPU.Build.0 = Release|Any CPU
		{D5DA4DC7-C34C-4F59-9528-25D20FD2C856}.Debug|Any CPU.ActiveCfg = Debug|Any CPU
		{D5DA4DC7-C34C-4F59-9528-25D20FD2C856}.Debug|Any CPU.Build.0 = Debug|Any CPU
		{D5DA4DC7-C34C-4F59-9528-25D20FD2C856}.Release|Any CPU.ActiveCfg = Release|Any CPU
		{D5DA4DC7-C34C-4F59-9528-25D20FD2C856}.Release|Any CPU.Build.0 = Release|Any CPU
		{34D60859-3769-401A-A6D9-8E1C00F15438}.Debug|Any CPU.ActiveCfg = Debug|Any CPU
		{34D60859-3769-401A-A6D9-8E1C00F15438}.Debug|Any CPU.Build.0 = Debug|Any CPU
		{34D60859-3769-401A-A6D9-8E1C00F15438}.Release|Any CPU.ActiveCfg = Release|Any CPU
		{34D60859-3769-401A-A6D9-8E1C00F15438}.Release|Any CPU.Build.0 = Release|Any CPU
	EndGlobalSection
	GlobalSection(SolutionProperties) = preSolution
		HideSolutionNode = FALSE
	EndGlobalSection
	GlobalSection(ExtensibilityGlobals) = postSolution
		SolutionGuid = {C0D99EF8-0261-4235-ACD0-EE238E290C48}
	EndGlobalSection
EndGlobal
